// !$*UTF8*$!
{
	archiveVersion = 1;
	classes = {
	};
	objectVersion = 50;
	objects = {

/* Begin PBXBuildFile section */
		A44A083923DA742000222C33 /* AppDelegate.swift in Sources */ = {isa = PBXBuildFile; fileRef = A44A083823DA742000222C33 /* AppDelegate.swift */; };
		A44A083B23DA742000222C33 /* SceneDelegate.swift in Sources */ = {isa = PBXBuildFile; fileRef = A44A083A23DA742000222C33 /* SceneDelegate.swift */; };
		A44A083D23DA742000222C33 /* GoalsVC.swift in Sources */ = {isa = PBXBuildFile; fileRef = A44A083C23DA742000222C33 /* GoalsVC.swift */; };
		A44A084023DA742000222C33 /* Main.storyboard in Resources */ = {isa = PBXBuildFile; fileRef = A44A083E23DA742000222C33 /* Main.storyboard */; };
		A44A084323DA742000222C33 /* Goal_Post.xcdatamodeld in Sources */ = {isa = PBXBuildFile; fileRef = A44A084123DA742000222C33 /* Goal_Post.xcdatamodeld */; };
		A44A084523DA742100222C33 /* Assets.xcassets in Resources */ = {isa = PBXBuildFile; fileRef = A44A084423DA742100222C33 /* Assets.xcassets */; };
		A44A084823DA742100222C33 /* LaunchScreen.storyboard in Resources */ = {isa = PBXBuildFile; fileRef = A44A084623DA742100222C33 /* LaunchScreen.storyboard */; };
		A44A085523DA7FCC00222C33 /* GoalCell.swift in Sources */ = {isa = PBXBuildFile; fileRef = A44A085423DA7FCC00222C33 /* GoalCell.swift */; };
		A44A085723DB35DF00222C33 /* GoalType.swift in Sources */ = {isa = PBXBuildFile; fileRef = A44A085623DB35DF00222C33 /* GoalType.swift */; };
		A44A085923DB3ACA00222C33 /* CreateGoalVC.swift in Sources */ = {isa = PBXBuildFile; fileRef = A44A085823DB3ACA00222C33 /* CreateGoalVC.swift */; };
		A44A085B23DB3FAE00222C33 /* UIViewControllerExt.swift in Sources */ = {isa = PBXBuildFile; fileRef = A44A085A23DB3FAE00222C33 /* UIViewControllerExt.swift */; };
		A44A085D23DB727900222C33 /* UIViewExt.swift in Sources */ = {isa = PBXBuildFile; fileRef = A44A085C23DB727900222C33 /* UIViewExt.swift */; };
		A44A085F23DB762800222C33 /* UIButtonExt.swift in Sources */ = {isa = PBXBuildFile; fileRef = A44A085E23DB762800222C33 /* UIButtonExt.swift */; };
/* End PBXBuildFile section */

/* Begin PBXFileReference section */
		A44A083523DA742000222C33 /* Goal-Post.app */ = {isa = PBXFileReference; explicitFileType = wrapper.application; includeInIndex = 0; path = "Goal-Post.app"; sourceTree = BUILT_PRODUCTS_DIR; };
		A44A083823DA742000222C33 /* AppDelegate.swift */ = {isa = PBXFileReference; lastKnownFileType = sourcecode.swift; path = AppDelegate.swift; sourceTree = "<group>"; };
		A44A083A23DA742000222C33 /* SceneDelegate.swift */ = {isa = PBXFileReference; lastKnownFileType = sourcecode.swift; path = SceneDelegate.swift; sourceTree = "<group>"; };
		A44A083C23DA742000222C33 /* GoalsVC.swift */ = {isa = PBXFileReference; lastKnownFileType = sourcecode.swift; path = GoalsVC.swift; sourceTree = "<group>"; };
		A44A083F23DA742000222C33 /* Base */ = {isa = PBXFileReference; lastKnownFileType = file.storyboard; name = Base; path = Base.lproj/Main.storyboard; sourceTree = "<group>"; };
		A44A084223DA742000222C33 /* Goal_Post.xcdatamodel */ = {isa = PBXFileReference; lastKnownFileType = wrapper.xcdatamodel; path = Goal_Post.xcdatamodel; sourceTree = "<group>"; };
		A44A084423DA742100222C33 /* Assets.xcassets */ = {isa = PBXFileReference; lastKnownFileType = folder.assetcatalog; path = Assets.xcassets; sourceTree = "<group>"; };
		A44A084723DA742100222C33 /* Base */ = {isa = PBXFileReference; lastKnownFileType = file.storyboard; name = Base; path = Base.lproj/LaunchScreen.storyboard; sourceTree = "<group>"; };
		A44A084923DA742100222C33 /* Info.plist */ = {isa = PBXFileReference; lastKnownFileType = text.plist.xml; path = Info.plist; sourceTree = "<group>"; };
		A44A085423DA7FCC00222C33 /* GoalCell.swift */ = {isa = PBXFileReference; lastKnownFileType = sourcecode.swift; path = GoalCell.swift; sourceTree = "<group>"; };
		A44A085623DB35DF00222C33 /* GoalType.swift */ = {isa = PBXFileReference; lastKnownFileType = sourcecode.swift; path = GoalType.swift; sourceTree = "<group>"; };
		A44A085823DB3ACA00222C33 /* CreateGoalVC.swift */ = {isa = PBXFileReference; lastKnownFileType = sourcecode.swift; path = CreateGoalVC.swift; sourceTree = "<group>"; };
		A44A085A23DB3FAE00222C33 /* UIViewControllerExt.swift */ = {isa = PBXFileReference; lastKnownFileType = sourcecode.swift; path = UIViewControllerExt.swift; sourceTree = "<group>"; };
		A44A085C23DB727900222C33 /* UIViewExt.swift */ = {isa = PBXFileReference; lastKnownFileType = sourcecode.swift; path = UIViewExt.swift; sourceTree = "<group>"; };
		A44A085E23DB762800222C33 /* UIButtonExt.swift */ = {isa = PBXFileReference; lastKnownFileType = sourcecode.swift; path = UIButtonExt.swift; sourceTree = "<group>"; };
/* End PBXFileReference section */

/* Begin PBXFrameworksBuildPhase section */
		A44A083223DA742000222C33 /* Frameworks */ = {
			isa = PBXFrameworksBuildPhase;
			buildActionMask = 2147483647;
			files = (
			);
			runOnlyForDeploymentPostprocessing = 0;
		};
/* End PBXFrameworksBuildPhase section */

/* Begin PBXGroup section */
		A44A082C23DA742000222C33 = {
			isa = PBXGroup;
			children = (
				A44A083723DA742000222C33 /* Goal-Post */,
				A44A083623DA742000222C33 /* Products */,
			);
			sourceTree = "<group>";
		};
		A44A083623DA742000222C33 /* Products */ = {
			isa = PBXGroup;
			children = (
				A44A083523DA742000222C33 /* Goal-Post.app */,
			);
			name = Products;
			sourceTree = "<group>";
		};
		A44A083723DA742000222C33 /* Goal-Post */ = {
			isa = PBXGroup;
			children = (
				A44A085323DA74C200222C33 /* Extensions  */,
				A44A085223DA74BC00222C33 /* Enums */,
				A44A085023DA748E00222C33 /* Views */,
				A44A084F23DA748300222C33 /* Controllers */,
				A44A083823DA742000222C33 /* AppDelegate.swift */,
				A44A083A23DA742000222C33 /* SceneDelegate.swift */,
				A44A083E23DA742000222C33 /* Main.storyboard */,
				A44A084423DA742100222C33 /* Assets.xcassets */,
				A44A084623DA742100222C33 /* LaunchScreen.storyboard */,
				A44A084923DA742100222C33 /* Info.plist */,
				A44A084123DA742000222C33 /* Goal_Post.xcdatamodeld */,
			);
			path = "Goal-Post";
			sourceTree = "<group>";
		};
		A44A084F23DA748300222C33 /* Controllers */ = {
			isa = PBXGroup;
			children = (
				A44A083C23DA742000222C33 /* GoalsVC.swift */,
				A44A085823DB3ACA00222C33 /* CreateGoalVC.swift */,
			);
			path = Controllers;
			sourceTree = "<group>";
		};
		A44A085023DA748E00222C33 /* Views */ = {
			isa = PBXGroup;
			children = (
				A44A085423DA7FCC00222C33 /* GoalCell.swift */,
			);
			path = Views;
			sourceTree = "<group>";
		};
		A44A085223DA74BC00222C33 /* Enums */ = {
			isa = PBXGroup;
			children = (
				A44A085623DB35DF00222C33 /* GoalType.swift */,
			);
			path = Enums;
			sourceTree = "<group>";
		};
		A44A085323DA74C200222C33 /* Extensions  */ = {
			isa = PBXGroup;
			children = (
				A44A085A23DB3FAE00222C33 /* UIViewControllerExt.swift */,
				A44A085C23DB727900222C33 /* UIViewExt.swift */,
				A44A085E23DB762800222C33 /* UIButtonExt.swift */,
			);
			path = "Extensions ";
			sourceTree = "<group>";
		};
/* End PBXGroup section */

/* Begin PBXNativeTarget section */
		A44A083423DA742000222C33 /* Goal-Post */ = {
			isa = PBXNativeTarget;
			buildConfigurationList = A44A084C23DA742100222C33 /* Build configuration list for PBXNativeTarget "Goal-Post" */;
			buildPhases = (
				A44A083123DA742000222C33 /* Sources */,
				A44A083223DA742000222C33 /* Frameworks */,
				A44A083323DA742000222C33 /* Resources */,
			);
			buildRules = (
			);
			dependencies = (
			);
			name = "Goal-Post";
			productName = "Goal-Post";
			productReference = A44A083523DA742000222C33 /* Goal-Post.app */;
			productType = "com.apple.product-type.application";
		};
/* End PBXNativeTarget section */

/* Begin PBXProject section */
		A44A082D23DA742000222C33 /* Project object */ = {
			isa = PBXProject;
			attributes = {
				LastSwiftUpdateCheck = 1130;
				LastUpgradeCheck = 1130;
				ORGANIZATIONNAME = "Juan Luque";
				TargetAttributes = {
					A44A083423DA742000222C33 = {
						CreatedOnToolsVersion = 11.3.1;
					};
				};
			};
			buildConfigurationList = A44A083023DA742000222C33 /* Build configuration list for PBXProject "Goal-Post" */;
			compatibilityVersion = "Xcode 9.3";
			developmentRegion = en;
			hasScannedForEncodings = 0;
			knownRegions = (
				en,
				Base,
			);
			mainGroup = A44A082C23DA742000222C33;
			productRefGroup = A44A083623DA742000222C33 /* Products */;
			projectDirPath = "";
			projectRoot = "";
			targets = (
				A44A083423DA742000222C33 /* Goal-Post */,
			);
		};
/* End PBXProject section */

/* Begin PBXResourcesBuildPhase section */
		A44A083323DA742000222C33 /* Resources */ = {
			isa = PBXResourcesBuildPhase;
			buildActionMask = 2147483647;
			files = (
				A44A084823DA742100222C33 /* LaunchScreen.storyboard in Resources */,
				A44A084523DA742100222C33 /* Assets.xcassets in Resources */,
				A44A084023DA742000222C33 /* Main.storyboard in Resources */,
			);
			runOnlyForDeploymentPostprocessing = 0;
		};
/* End PBXResourcesBuildPhase section */

/* Begin PBXSourcesBuildPhase section */
		A44A083123DA742000222C33 /* Sources */ = {
			isa = PBXSourcesBuildPhase;
			buildActionMask = 2147483647;
			files = (
				A44A085D23DB727900222C33 /* UIViewExt.swift in Sources */,
				A44A085F23DB762800222C33 /* UIButtonExt.swift in Sources */,
				A44A083D23DA742000222C33 /* GoalsVC.swift in Sources */,
				A44A083923DA742000222C33 /* AppDelegate.swift in Sources */,
				A44A085B23DB3FAE00222C33 /* UIViewControllerExt.swift in Sources */,
				A44A085723DB35DF00222C33 /* GoalType.swift in Sources */,
				A44A084323DA742000222C33 /* Goal_Post.xcdatamodeld in Sources */,
				A44A085923DB3ACA00222C33 /* CreateGoalVC.swift in Sources */,
				A44A085523DA7FCC00222C33 /* GoalCell.swift in Sources */,
				A44A083B23DA742000222C33 /* SceneDelegate.swift in Sources */,
			);
			runOnlyForDeploymentPostprocessing = 0;
		};
/* End PBXSourcesBuildPhase section */

/* Begin PBXVariantGroup section */
		A44A083E23DA742000222C33 /* Main.storyboard */ = {
			isa = PBXVariantGroup;
			children = (
				A44A083F23DA742000222C33 /* Base */,
			);
			name = Main.storyboard;
			sourceTree = "<group>";
		};
		A44A084623DA742100222C33 /* LaunchScreen.storyboard */ = {
			isa = PBXVariantGroup;
			children = (
				A44A084723DA742100222C33 /* Base */,
			);
			name = LaunchScreen.storyboard;
			sourceTree = "<group>";
		};
/* End PBXVariantGroup section */

/* Begin XCBuildConfiguration section */
		A44A084A23DA742100222C33 /* Debug */ = {
			isa = XCBuildConfiguration;
			buildSettings = {
				ALWAYS_SEARCH_USER_PATHS = NO;
				CLANG_ANALYZER_NONNULL = YES;
				CLANG_ANALYZER_NUMBER_OBJECT_CONVERSION = YES_AGGRESSIVE;
				CLANG_CXX_LANGUAGE_STANDARD = "gnu++14";
				CLANG_CXX_LIBRARY = "libc++";
				CLANG_ENABLE_MODULES = YES;
				CLANG_ENABLE_OBJC_ARC = YES;
				CLANG_ENABLE_OBJC_WEAK = YES;
				CLANG_WARN_BLOCK_CAPTURE_AUTORELEASING = YES;
				CLANG_WARN_BOOL_CONVERSION = YES;
				CLANG_WARN_COMMA = YES;
				CLANG_WARN_CONSTANT_CONVERSION = YES;
				CLANG_WARN_DEPRECATED_OBJC_IMPLEMENTATIONS = YES;
				CLANG_WARN_DIRECT_OBJC_ISA_USAGE = YES_ERROR;
				CLANG_WARN_DOCUMENTATION_COMMENTS = YES;
				CLANG_WARN_EMPTY_BODY = YES;
				CLANG_WARN_ENUM_CONVERSION = YES;
				CLANG_WARN_INFINITE_RECURSION = YES;
				CLANG_WARN_INT_CONVERSION = YES;
				CLANG_WARN_NON_LITERAL_NULL_CONVERSION = YES;
				CLANG_WARN_OBJC_IMPLICIT_RETAIN_SELF = YES;
				CLANG_WARN_OBJC_LITERAL_CONVERSION = YES;
				CLANG_WARN_OBJC_ROOT_CLASS = YES_ERROR;
				CLANG_WARN_RANGE_LOOP_ANALYSIS = YES;
				CLANG_WARN_STRICT_PROTOTYPES = YES;
				CLANG_WARN_SUSPICIOUS_MOVE = YES;
				CLANG_WARN_UNGUARDED_AVAILABILITY = YES_AGGRESSIVE;
				CLANG_WARN_UNREACHABLE_CODE = YES;
				CLANG_WARN__DUPLICATE_METHOD_MATCH = YES;
				COPY_PHASE_STRIP = NO;
				DEBUG_INFORMATION_FORMAT = dwarf;
				ENABLE_STRICT_OBJC_MSGSEND = YES;
				ENABLE_TESTABILITY = YES;
				GCC_C_LANGUAGE_STANDARD = gnu11;
				GCC_DYNAMIC_NO_PIC = NO;
				GCC_NO_COMMON_BLOCKS = YES;
				GCC_OPTIMIZATION_LEVEL = 0;
				GCC_PREPROCESSOR_DEFINITIONS = (
					"DEBUG=1",
					"$(inherited)",
				);
				GCC_WARN_64_TO_32_BIT_CONVERSION = YES;
				GCC_WARN_ABOUT_RETURN_TYPE = YES_ERROR;
				GCC_WARN_UNDECLARED_SELECTOR = YES;
				GCC_WARN_UNINITIALIZED_AUTOS = YES_AGGRESSIVE;
				GCC_WARN_UNUSED_FUNCTION = YES;
				GCC_WARN_UNUSED_VARIABLE = YES;
				IPHONEOS_DEPLOYMENT_TARGET = 13.2;
				MTL_ENABLE_DEBUG_INFO = INCLUDE_SOURCE;
				MTL_FAST_MATH = YES;
				ONLY_ACTIVE_ARCH = YES;
				SDKROOT = iphoneos;
				SWIFT_ACTIVE_COMPILATION_CONDITIONS = DEBUG;
				SWIFT_OPTIMIZATION_LEVEL = "-Onone";
			};
			name = Debug;
		};
		A44A084B23DA742100222C33 /* Release */ = {
			isa = XCBuildConfiguration;
			buildSettings = {
				ALWAYS_SEARCH_USER_PATHS = NO;
				CLANG_ANALYZER_NONNULL = YES;
				CLANG_ANALYZER_NUMBER_OBJECT_CONVERSION = YES_AGGRESSIVE;
				CLANG_CXX_LANGUAGE_STANDARD = "gnu++14";
				CLANG_CXX_LIBRARY = "libc++";
				CLANG_ENABLE_MODULES = YES;
				CLANG_ENABLE_OBJC_ARC = YES;
				CLANG_ENABLE_OBJC_WEAK = YES;
				CLANG_WARN_BLOCK_CAPTURE_AUTORELEASING = YES;
				CLANG_WARN_BOOL_CONVERSION = YES;
				CLANG_WARN_COMMA = YES;
				CLANG_WARN_CONSTANT_CONVERSION = YES;
				CLANG_WARN_DEPRECATED_OBJC_IMPLEMENTATIONS = YES;
				CLANG_WARN_DIRECT_OBJC_ISA_USAGE = YES_ERROR;
				CLANG_WARN_DOCUMENTATION_COMMENTS = YES;
				CLANG_WARN_EMPTY_BODY = YES;
				CLANG_WARN_ENUM_CONVERSION = YES;
				CLANG_WARN_INFINITE_RECURSION = YES;
				CLANG_WARN_INT_CONVERSION = YES;
				CLANG_WARN_NON_LITERAL_NULL_CONVERSION = YES;
				CLANG_WARN_OBJC_IMPLICIT_RETAIN_SELF = YES;
				CLANG_WARN_OBJC_LITERAL_CONVERSION = YES;
				CLANG_WARN_OBJC_ROOT_CLASS = YES_ERROR;
				CLANG_WARN_RANGE_LOOP_ANALYSIS = YES;
				CLANG_WARN_STRICT_PROTOTYPES = YES;
				CLANG_WARN_SUSPICIOUS_MOVE = YES;
				CLANG_WARN_UNGUARDED_AVAILABILITY = YES_AGGRESSIVE;
				CLANG_WARN_UNREACHABLE_CODE = YES;
				CLANG_WARN__DUPLICATE_METHOD_MATCH = YES;
				COPY_PHASE_STRIP = NO;
				DEBUG_INFORMATION_FORMAT = "dwarf-with-dsym";
				ENABLE_NS_ASSERTIONS = NO;
				ENABLE_STRICT_OBJC_MSGSEND = YES;
				GCC_C_LANGUAGE_STANDARD = gnu11;
				GCC_NO_COMMON_BLOCKS = YES;
				GCC_WARN_64_TO_32_BIT_CONVERSION = YES;
				GCC_WARN_ABOUT_RETURN_TYPE = YES_ERROR;
				GCC_WARN_UNDECLARED_SELECTOR = YES;
				GCC_WARN_UNINITIALIZED_AUTOS = YES_AGGRESSIVE;
				GCC_WARN_UNUSED_FUNCTION = YES;
				GCC_WARN_UNUSED_VARIABLE = YES;
				IPHONEOS_DEPLOYMENT_TARGET = 13.2;
				MTL_ENABLE_DEBUG_INFO = NO;
				MTL_FAST_MATH = YES;
				SDKROOT = iphoneos;
				SWIFT_COMPILATION_MODE = wholemodule;
				SWIFT_OPTIMIZATION_LEVEL = "-O";
				VALIDATE_PRODUCT = YES;
			};
			name = Release;
		};
		A44A084D23DA742100222C33 /* Debug */ = {
			isa = XCBuildConfiguration;
			buildSettings = {
				ASSETCATALOG_COMPILER_APPICON_NAME = AppIcon;
				CODE_SIGN_STYLE = Automatic;
				DEVELOPMENT_TEAM = X25CAQ67TT;
				INFOPLIST_FILE = "Goal-Post/Info.plist";
				LD_RUNPATH_SEARCH_PATHS = (
					"$(inherited)",
					"@executable_path/Frameworks",
				);
				PRODUCT_BUNDLE_IDENTIFIER = "com.just.jukess.Goal-Post";
				PRODUCT_NAME = "$(TARGET_NAME)";
				SWIFT_VERSION = 5.0;
				TARGETED_DEVICE_FAMILY = "1,2";
			};
			name = Debug;
		};
		A44A084E23DA742100222C33 /* Release */ = {
			isa = XCBuildConfiguration;
			buildSettings = {
				ASSETCATALOG_COMPILER_APPICON_NAME = AppIcon;
				CODE_SIGN_STYLE = Automatic;
				DEVELOPMENT_TEAM = X25CAQ67TT;
				INFOPLIST_FILE = "Goal-Post/Info.plist";
				LD_RUNPATH_SEARCH_PATHS = (
					"$(inherited)",
					"@executable_path/Frameworks",
				);
				PRODUCT_BUNDLE_IDENTIFIER = "com.just.jukess.Goal-Post";
				PRODUCT_NAME = "$(TARGET_NAME)";
				SWIFT_VERSION = 5.0;
				TARGETED_DEVICE_FAMILY = "1,2";
			};
			name = Release;
		};
/* End XCBuildConfiguration section */

/* Begin XCConfigurationList section */
		A44A083023DA742000222C33 /* Build configuration list for PBXProject "Goal-Post" */ = {
			isa = XCConfigurationList;
			buildConfigurations = (
				A44A084A23DA742100222C33 /* Debug */,
				A44A084B23DA742100222C33 /* Release */,
			);
			defaultConfigurationIsVisible = 0;
			defaultConfigurationName = Release;
		};
		A44A084C23DA742100222C33 /* Build configuration list for PBXNativeTarget "Goal-Post" */ = {
			isa = XCConfigurationList;
			buildConfigurations = (
				A44A084D23DA742100222C33 /* Debug */,
				A44A084E23DA742100222C33 /* Release */,
			);
			defaultConfigurationIsVisible = 0;
			defaultConfigurationName = Release;
		};
/* End XCConfigurationList section */

/* Begin XCVersionGroup section */
		A44A084123DA742000222C33 /* Goal_Post.xcdatamodeld */ = {
			isa = XCVersionGroup;
			children = (
				A44A084223DA742000222C33 /* Goal_Post.xcdatamodel */,
			);
			currentVersion = A44A084223DA742000222C33 /* Goal_Post.xcdatamodel */;
			path = Goal_Post.xcdatamodeld;
			sourceTree = "<group>";
			versionGroupType = wrapper.xcdatamodel;
		};
/* End XCVersionGroup section */
	};
	rootObject = A44A082D23DA742000222C33 /* Project object */;
}
